
Microsoft Visual Studio Solution File, Format Version 12.00
# Visual Studio Version 17
VisualStudioVersion = 17.14.36429.23
MinimumVisualStudioVersion = 10.0.40219.1
Project("{2150E333-8FDC-42A3-9474-1A3956D46DE8}") = "Task0", "Task0", "{02EA681E-C7D8-13C7-8484-4AC65E1B71E8}"
EndProject
Project("{FAE04EC0-301F-11D3-BF4B-00C04F79EFBC}") = "Tyuiu.GroshevID.Sprint2.Task0.V22", "Tyuiu.GroshevID.Sprint2.Task0.V22\Tyuiu.GroshevID.Sprint2.Task0.V22.csproj", "{9C2F66C9-0C9E-4B2E-B183-AD6803D9522F}"
EndProject
Project("{FAE04EC0-301F-11D3-BF4B-00C04F79EFBC}") = "Tyuiu.GroshevID.Sprint2.Task0.V22.Lib", "Tyuiu.GroshevID.Sprint2.Task0.V22.Lib\Tyuiu.GroshevID.Sprint2.Task0.V22.Lib.csproj", "{09779173-163E-409F-BE5B-916276B2A5EC}"
EndProject
Project("{FAE04EC0-301F-11D3-BF4B-00C04F79EFBC}") = "Tyuiu.GroshevID.Sprint2.Task0.V22.Test", "Tyuiu.GroshevID.Sprint2.Task0.V22.Test\Tyuiu.GroshevID.Sprint2.Task0.V22.Test.csproj", "{137EAF52-9093-4EFD-B74A-9CE3C607E635}"
EndProject
Project("{2150E333-8FDC-42A3-9474-1A3956D46DE8}") = "Task1", "Task1", "{F70EADAD-EF1B-48AE-BA85-133AC8AA0DAF}"
EndProject
Project("{FAE04EC0-301F-11D3-BF4B-00C04F79EFBC}") = "Tyuiu.GroshevID.Sprint2.Task1.V29", "Tyuiu.GroshevID.Sprint2.Task1.V29\Tyuiu.GroshevID.Sprint2.Task1.V29.csproj", "{69AE48A7-A073-4D18-BAAD-FCAD66A6247C}"
EndProject
Project("{FAE04EC0-301F-11D3-BF4B-00C04F79EFBC}") = "Tyuiu.GroshevID.Sprint2.Task1.V29.Lib", "Tyuiu.GroshevID.Sprint2.Task1.V29.Lib\Tyuiu.GroshevID.Sprint2.Task1.V29.Lib.csproj", "{6474A6F2-BEAB-4E08-9F84-6B4C8CE14199}"
EndProject
Project("{FAE04EC0-301F-11D3-BF4B-00C04F79EFBC}") = "Tyuiu.GroshevID.Sprint2.Task1.V29.Test", "Tyuiu.GroshevID.Sprint2.Task1.V29.Test\Tyuiu.GroshevID.Sprint2.Task1.V29.Test.csproj", "{3C641868-779E-44C1-9FCE-AF26A2754A79}"
EndProject
Project("{2150E333-8FDC-42A3-9474-1A3956D46DE8}") = "Task2", "Task2", "{2EFB2164-969B-4B71-8217-9068082240D5}"
EndProject
Project("{FAE04EC0-301F-11D3-BF4B-00C04F79EFBC}") = "Tyuiu.GroshevID.Sprint2.Task2.V6", "Tyuiu.GroshevID.Sprint2.Task2.V6\Tyuiu.GroshevID.Sprint2.Task2.V6.csproj", "{EDC3C150-5A3E-4261-B71A-8972A4ACAD9F}"
EndProject
Project("{FAE04EC0-301F-11D3-BF4B-00C04F79EFBC}") = "Tyuiu.GroshevID.Sprint2.Task2.V6.Lib", "Tyuiu.GroshevID.Sprint2.Task2.V6.Lib\Tyuiu.GroshevID.Sprint2.Task2.V6.Lib.csproj", "{13866BAC-7164-4D5B-862E-D1505267756F}"
EndProject
Project("{FAE04EC0-301F-11D3-BF4B-00C04F79EFBC}") = "Tyuiu.GroshevID.Sprint2.Task2.V6.Test", "Tyuiu.GroshevID.Sprint2.Task2.V6.Test\Tyuiu.GroshevID.Sprint2.Task2.V6.Test.csproj", "{815BC9E7-C19F-4D22-843D-C036E105020F}"
EndProject
Project("{2150E333-8FDC-42A3-9474-1A3956D46DE8}") = "Task3", "Task3", "{6764FC04-21BF-41FE-9A62-49EE412586E5}"
EndProject
Project("{FAE04EC0-301F-11D3-BF4B-00C04F79EFBC}") = "Tyuiu.GroshevID.Sprint2.Task3.V23", "Tyuiu.GroshevID.Sprint2.Task3.V23\Tyuiu.GroshevID.Sprint2.Task3.V23.csproj", "{1EB90F2D-37E3-4D57-B15D-5749173BD8AF}"
EndProject
Project("{FAE04EC0-301F-11D3-BF4B-00C04F79EFBC}") = "Tyuiu.GroshevID.Sprint2.Task3.V23.Lib", "Tyuiu.GroshevID.Sprint2.Task3.V23.Lib\Tyuiu.GroshevID.Sprint2.Task3.V23.Lib.csproj", "{2F75EA79-9C2A-4666-8B3B-D98EA05C4D51}"
EndProject
Project("{FAE04EC0-301F-11D3-BF4B-00C04F79EFBC}") = "Tyuiu.GroshevID.Sprint2.Task3.V23.Test", "Tyuiu.GroshevID.Sprint2.Task3.V23.Test\Tyuiu.GroshevID.Sprint2.Task3.V23.Test.csproj", "{3F06A906-0344-4BD7-AF4B-B2279B4773E3}"
EndProject
Project("{2150E333-8FDC-42A3-9474-1A3956D46DE8}") = "Task4", "Task4", "{3241AB3E-5E5A-40AC-A287-3C6CF0413800}"
EndProject
Project("{FAE04EC0-301F-11D3-BF4B-00C04F79EFBC}") = "Tyuiu.GroshevID.Sprint2.Task4.V24", "Tyuiu.GroshevID.Sprint2.Task4.V24\Tyuiu.GroshevID.Sprint2.Task4.V24.csproj", "{A930CF0A-6981-42CC-BFF8-E7C770896CB6}"
EndProject
Project("{FAE04EC0-301F-11D3-BF4B-00C04F79EFBC}") = "Tyuiu.GroshevID.Sprint2.Task4.V24.Lib", "Tyuiu.GroshevID.Sprint2.Task4.V24.Lib\Tyuiu.GroshevID.Sprint2.Task4.V24.Lib.csproj", "{686F2A9A-8F10-4607-80DF-69D3B8810E64}"
EndProject
Project("{FAE04EC0-301F-11D3-BF4B-00C04F79EFBC}") = "Tyuiu.GroshevID.Sprint2.Task4.V24.Test", "Tyuiu.GroshevID.Sprint2.Task4.V24.Test\Tyuiu.GroshevID.Sprint2.Task4.V24.Test.csproj", "{64B5E5B7-9023-4FE8-BEDF-16C43255AE26}"
EndProject
Global
	GlobalSection(SolutionConfigurationPlatforms) = preSolution
		Debug|Any CPU = Debug|Any CPU
		Release|Any CPU = Release|Any CPU
	EndGlobalSection
	GlobalSection(ProjectConfigurationPlatforms) = postSolution
		{9C2F66C9-0C9E-4B2E-B183-AD6803D9522F}.Debug|Any CPU.ActiveCfg = Debug|Any CPU
		{9C2F66C9-0C9E-4B2E-B183-AD6803D9522F}.Debug|Any CPU.Build.0 = Debug|Any CPU
		{9C2F66C9-0C9E-4B2E-B183-AD6803D9522F}.Release|Any CPU.ActiveCfg = Release|Any CPU
		{9C2F66C9-0C9E-4B2E-B183-AD6803D9522F}.Release|Any CPU.Build.0 = Release|Any CPU
		{09779173-163E-409F-BE5B-916276B2A5EC}.Debug|Any CPU.ActiveCfg = Debug|Any CPU
		{09779173-163E-409F-BE5B-916276B2A5EC}.Debug|Any CPU.Build.0 = Debug|Any CPU
		{09779173-163E-409F-BE5B-916276B2A5EC}.Release|Any CPU.ActiveCfg = Release|Any CPU
		{09779173-163E-409F-BE5B-916276B2A5EC}.Release|Any CPU.Build.0 = Release|Any CPU
		{137EAF52-9093-4EFD-B74A-9CE3C607E635}.Debug|Any CPU.ActiveCfg = Debug|Any CPU
		{137EAF52-9093-4EFD-B74A-9CE3C607E635}.Debug|Any CPU.Build.0 = Debug|Any CPU
		{137EAF52-9093-4EFD-B74A-9CE3C607E635}.Release|Any CPU.ActiveCfg = Release|Any CPU
		{137EAF52-9093-4EFD-B74A-9CE3C607E635}.Release|Any CPU.Build.0 = Release|Any CPU
		{69AE48A7-A073-4D18-BAAD-FCAD66A6247C}.Debug|Any CPU.ActiveCfg = Debug|Any CPU
		{69AE48A7-A073-4D18-BAAD-FCAD66A6247C}.Debug|Any CPU.Build.0 = Debug|Any CPU
		{69AE48A7-A073-4D18-BAAD-FCAD66A6247C}.Release|Any CPU.ActiveCfg = Release|Any CPU
		{69AE48A7-A073-4D18-BAAD-FCAD66A6247C}.Release|Any CPU.Build.0 = Release|Any CPU
		{6474A6F2-BEAB-4E08-9F84-6B4C8CE14199}.Debug|Any CPU.ActiveCfg = Debug|Any CPU
		{6474A6F2-BEAB-4E08-9F84-6B4C8CE14199}.Debug|Any CPU.Build.0 = Debug|Any CPU
		{6474A6F2-BEAB-4E08-9F84-6B4C8CE14199}.Release|Any CPU.ActiveCfg = Release|Any CPU
		{6474A6F2-BEAB-4E08-9F84-6B4C8CE14199}.Release|Any CPU.Build.0 = Release|Any CPU
		{3C641868-779E-44C1-9FCE-AF26A2754A79}.Debug|Any CPU.ActiveCfg = Debug|Any CPU
		{3C641868-779E-44C1-9FCE-AF26A2754A79}.Debug|Any CPU.Build.0 = Debug|Any CPU
		{3C641868-779E-44C1-9FCE-AF26A2754A79}.Release|Any CPU.ActiveCfg = Release|Any CPU
		{3C641868-779E-44C1-9FCE-AF26A2754A79}.Release|Any CPU.Build.0 = Release|Any CPU
		{EDC3C150-5A3E-4261-B71A-8972A4ACAD9F}.Debug|Any CPU.ActiveCfg = Debug|Any CPU
		{EDC3C150-5A3E-4261-B71A-8972A4ACAD9F}.Debug|Any CPU.Build.0 = Debug|Any CPU
		{EDC3C150-5A3E-4261-B71A-8972A4ACAD9F}.Release|Any CPU.ActiveCfg = Release|Any CPU
		{EDC3C150-5A3E-4261-B71A-8972A4ACAD9F}.Release|Any CPU.Build.0 = Release|Any CPU
		{13866BAC-7164-4D5B-862E-D1505267756F}.Debug|Any CPU.ActiveCfg = Debug|Any CPU
		{13866BAC-7164-4D5B-862E-D1505267756F}.Debug|Any CPU.Build.0 = Debug|Any CPU
		{13866BAC-7164-4D5B-862E-D1505267756F}.Release|Any CPU.ActiveCfg = Release|Any CPU
		{13866BAC-7164-4D5B-862E-D1505267756F}.Release|Any CPU.Build.0 = Release|Any CPU
		{815BC9E7-C19F-4D22-843D-C036E105020F}.Debug|Any CPU.ActiveCfg = Debug|Any CPU
		{815BC9E7-C19F-4D22-843D-C036E105020F}.Debug|Any CPU.Build.0 = Debug|Any CPU
		{815BC9E7-C19F-4D22-843D-C036E105020F}.Release|Any CPU.ActiveCfg = Release|Any CPU
		{815BC9E7-C19F-4D22-843D-C036E105020F}.Release|Any CPU.Build.0 = Release|Any CPU
		{1EB90F2D-37E3-4D57-B15D-5749173BD8AF}.Debug|Any CPU.ActiveCfg = Debug|Any CPU
		{1EB90F2D-37E3-4D57-B15D-5749173BD8AF}.Debug|Any CPU.Build.0 = Debug|Any CPU
		{1EB90F2D-37E3-4D57-B15D-5749173BD8AF}.Release|Any CPU.ActiveCfg = Release|Any CPU
		{1EB90F2D-37E3-4D57-B15D-5749173BD8AF}.Release|Any CPU.Build.0 = Release|Any CPU
		{2F75EA79-9C2A-4666-8B3B-D98EA05C4D51}.Debug|Any CPU.ActiveCfg = Debug|Any CPU
		{2F75EA79-9C2A-4666-8B3B-D98EA05C4D51}.Debug|Any CPU.Build.0 = Debug|Any CPU
		{2F75EA79-9C2A-4666-8B3B-D98EA05C4D51}.Release|Any CPU.ActiveCfg = Release|Any CPU
		{2F75EA79-9C2A-4666-8B3B-D98EA05C4D51}.Release|Any CPU.Build.0 = Release|Any CPU
		{3F06A906-0344-4BD7-AF4B-B2279B4773E3}.Debug|Any CPU.ActiveCfg = Debug|Any CPU
		{3F06A906-0344-4BD7-AF4B-B2279B4773E3}.Debug|Any CPU.Build.0 = Debug|Any CPU
		{3F06A906-0344-4BD7-AF4B-B2279B4773E3}.Release|Any CPU.ActiveCfg = Release|Any CPU
		{3F06A906-0344-4BD7-AF4B-B2279B4773E3}.Release|Any CPU.Build.0 = Release|Any CPU
		{A930CF0A-6981-42CC-BFF8-E7C770896CB6}.Debug|Any CPU.ActiveCfg = Debug|Any CPU
		{A930CF0A-6981-42CC-BFF8-E7C770896CB6}.Debug|Any CPU.Build.0 = Debug|Any CPU
		{A930CF0A-6981-42CC-BFF8-E7C770896CB6}.Release|Any CPU.ActiveCfg = Release|Any CPU
		{A930CF0A-6981-42CC-BFF8-E7C770896CB6}.Release|Any CPU.Build.0 = Release|Any CPU
		{686F2A9A-8F10-4607-80DF-69D3B8810E64}.Debug|Any CPU.ActiveCfg = Debug|Any CPU
		{686F2A9A-8F10-4607-80DF-69D3B8810E64}.Debug|Any CPU.Build.0 = Debug|Any CPU
		{686F2A9A-8F10-4607-80DF-69D3B8810E64}.Release|Any CPU.ActiveCfg = Release|Any CPU
		{686F2A9A-8F10-4607-80DF-69D3B8810E64}.Release|Any CPU.Build.0 = Release|Any CPU
		{64B5E5B7-9023-4FE8-BEDF-16C43255AE26}.Debug|Any CPU.ActiveCfg = Debug|Any CPU
		{64B5E5B7-9023-4FE8-BEDF-16C43255AE26}.Debug|Any CPU.Build.0 = Debug|Any CPU
		{64B5E5B7-9023-4FE8-BEDF-16C43255AE26}.Release|Any CPU.ActiveCfg = Release|Any CPU
		{64B5E5B7-9023-4FE8-BEDF-16C43255AE26}.Release|Any CPU.Build.0 = Release|Any CPU
	EndGlobalSection
	GlobalSection(SolutionProperties) = preSolution
		HideSolutionNode = FALSE
	EndGlobalSection
	GlobalSection(NestedProjects) = preSolution
		{9C2F66C9-0C9E-4B2E-B183-AD6803D9522F} = {02EA681E-C7D8-13C7-8484-4AC65E1B71E8}
		{09779173-163E-409F-BE5B-916276B2A5EC} = {02EA681E-C7D8-13C7-8484-4AC65E1B71E8}
		{137EAF52-9093-4EFD-B74A-9CE3C607E635} = {02EA681E-C7D8-13C7-8484-4AC65E1B71E8}
		{69AE48A7-A073-4D18-BAAD-FCAD66A6247C} = {F70EADAD-EF1B-48AE-BA85-133AC8AA0DAF}
		{6474A6F2-BEAB-4E08-9F84-6B4C8CE14199} = {F70EADAD-EF1B-48AE-BA85-133AC8AA0DAF}
		{3C641868-779E-44C1-9FCE-AF26A2754A79} = {F70EADAD-EF1B-48AE-BA85-133AC8AA0DAF}
		{EDC3C150-5A3E-4261-B71A-8972A4ACAD9F} = {2EFB2164-969B-4B71-8217-9068082240D5}
		{13866BAC-7164-4D5B-862E-D1505267756F} = {2EFB2164-969B-4B71-8217-9068082240D5}
		{815BC9E7-C19F-4D22-843D-C036E105020F} = {2EFB2164-969B-4B71-8217-9068082240D5}
		{1EB90F2D-37E3-4D57-B15D-5749173BD8AF} = {6764FC04-21BF-41FE-9A62-49EE412586E5}
		{2F75EA79-9C2A-4666-8B3B-D98EA05C4D51} = {6764FC04-21BF-41FE-9A62-49EE412586E5}
		{3F06A906-0344-4BD7-AF4B-B2279B4773E3} = {6764FC04-21BF-41FE-9A62-49EE412586E5}
		{A930CF0A-6981-42CC-BFF8-E7C770896CB6} = {3241AB3E-5E5A-40AC-A287-3C6CF0413800}
		{686F2A9A-8F10-4607-80DF-69D3B8810E64} = {3241AB3E-5E5A-40AC-A287-3C6CF0413800}
		{64B5E5B7-9023-4FE8-BEDF-16C43255AE26} = {3241AB3E-5E5A-40AC-A287-3C6CF0413800}
	EndGlobalSection
	GlobalSection(ExtensibilityGlobals) = postSolution
		SolutionGuid = {E2256D0A-6A57-47DF-80BB-3FD8C3C4FB5A}
	EndGlobalSection
EndGlobal
